
Microsoft Visual Studio Solution File, Format Version 12.00
# Visual Studio Version 17
VisualStudioVersion = 17.11.35303.130
MinimumVisualStudioVersion = 10.0.40219.1
Project("{9A19103F-16F7-4668-BE54-9A1E7A4F7556}") = "PersonProject", "PersonProject\PersonProject.csproj", "{87E75742-860D-4550-AB40-F6E93F4125D4}"
EndProject
Project("{9A19103F-16F7-4668-BE54-9A1E7A4F7556}") = "ProjectTest", "ProjectTest\ProjectTest.csproj", "{14001AE7-1B9C-41D4-90B9-84ABED945807}"
EndProject
Project("{9A19103F-16F7-4668-BE54-9A1E7A4F7556}") = "Entities", "Entities\Entities.csproj", "{C392D0C4-7FC6-441D-8A94-9C0FBB49C964}"
EndProject
Project("{9A19103F-16F7-4668-BE54-9A1E7A4F7556}") = "ServiceContracts", "ServiceContracts\ServiceContracts.csproj", "{104A3866-40D3-4B95-8F78-2C8758AD6D59}"
EndProject
Project("{9A19103F-16F7-4668-BE54-9A1E7A4F7556}") = "Services", "Services\Services.csproj", "{DDFC78EC-053B-444A-B816-A8E6CE2D3C83}"
EndProject
Project("{FAE04EC0-301F-11D3-BF4B-00C04F79EFBC}") = "PersonData", "PersonData\PersonData.csproj", "{EEDB526E-133E-4D7D-BBC4-2B17CD1CFBA1}"
EndProject
Global
	GlobalSection(SolutionConfigurationPlatforms) = preSolution
		Debug|Any CPU = Debug|Any CPU
		Release|Any CPU = Release|Any CPU
	EndGlobalSection
	GlobalSection(ProjectConfigurationPlatforms) = postSolution
		{87E75742-860D-4550-AB40-F6E93F4125D4}.Debug|Any CPU.ActiveCfg = Debug|Any CPU
		{87E75742-860D-4550-AB40-F6E93F4125D4}.Debug|Any CPU.Build.0 = Debug|Any CPU
		{87E75742-860D-4550-AB40-F6E93F4125D4}.Release|Any CPU.ActiveCfg = Release|Any CPU
		{87E75742-860D-4550-AB40-F6E93F4125D4}.Release|Any CPU.Build.0 = Release|Any CPU
		{14001AE7-1B9C-41D4-90B9-84ABED945807}.Debug|Any CPU.ActiveCfg = Debug|Any CPU
		{14001AE7-1B9C-41D4-90B9-84ABED945807}.Debug|Any CPU.Build.0 = Debug|Any CPU
		{14001AE7-1B9C-41D4-90B9-84ABED945807}.Release|Any CPU.ActiveCfg = Release|Any CPU
		{14001AE7-1B9C-41D4-90B9-84ABED945807}.Release|Any CPU.Build.0 = Release|Any CPU
		{C392D0C4-7FC6-441D-8A94-9C0FBB49C964}.Debug|Any CPU.ActiveCfg = Debug|Any CPU
		{C392D0C4-7FC6-441D-8A94-9C0FBB49C964}.Debug|Any CPU.Build.0 = Debug|Any CPU
		{C392D0C4-7FC6-441D-8A94-9C0FBB49C964}.Release|Any CPU.ActiveCfg = Release|Any CPU
		{C392D0C4-7FC6-441D-8A94-9C0FBB49C964}.Release|Any CPU.Build.0 = Release|Any CPU
		{104A3866-40D3-4B95-8F78-2C8758AD6D59}.Debug|Any CPU.ActiveCfg = Debug|Any CPU
		{104A3866-40D3-4B95-8F78-2C8758AD6D59}.Debug|Any CPU.Build.0 = Debug|Any CPU
		{104A3866-40D3-4B95-8F78-2C8758AD6D59}.Release|Any CPU.ActiveCfg = Release|Any CPU
		{104A3866-40D3-4B95-8F78-2C8758AD6D59}.Release|Any CPU.Build.0 = Release|Any CPU
		{DDFC78EC-053B-444A-B816-A8E6CE2D3C83}.Debug|Any CPU.ActiveCfg = Debug|Any CPU
		{DDFC78EC-053B-444A-B816-A8E6CE2D3C83}.Debug|Any CPU.Build.0 = Debug|Any CPU
		{DDFC78EC-053B-444A-B816-A8E6CE2D3C83}.Release|Any CPU.ActiveCfg = Release|Any CPU
		{DDFC78EC-053B-444A-B816-A8E6CE2D3C83}.Release|Any CPU.Build.0 = Release|Any CPU
		{EEDB526E-133E-4D7D-BBC4-2B17CD1CFBA1}.Debug|Any CPU.ActiveCfg = Debug|Any CPU
		{EEDB526E-133E-4D7D-BBC4-2B17CD1CFBA1}.Debug|Any CPU.Build.0 = Debug|Any CPU
		{EEDB526E-133E-4D7D-BBC4-2B17CD1CFBA1}.Release|Any CPU.ActiveCfg = Release|Any CPU
		{EEDB526E-133E-4D7D-BBC4-2B17CD1CFBA1}.Release|Any CPU.Build.0 = Release|Any CPU
	EndGlobalSection
	GlobalSection(SolutionProperties) = preSolution
		HideSolutionNode = FALSE
	EndGlobalSection
	GlobalSection(ExtensibilityGlobals) = postSolution
		SolutionGuid = {22E651D4-4EBC-4781-B951-12ACA9A166A2}
	EndGlobalSection
EndGlobal
